Microsoft Visual Studio Solution File, Format Version 11.00
# Visual Studio 2010
Project("{8BC9CEB8-8B4A-11D0-8D11-00A0C91BC942}") = "ALL_BUILD", "ALL_BUILD.vcxproj", "{24B01ECF-4C1C-3A7E-A191-67131B01FA43}"
	ProjectSection(ProjectDependencies) = postProject
		{407DD14F-1095-3EA0-A442-334EC3CC99D7} = {407DD14F-1095-3EA0-A442-334EC3CC99D7}
		{89CC5C86-E884-3D37-9EB1-D5995F088895} = {89CC5C86-E884-3D37-9EB1-D5995F088895}
		{99CAE7DE-2A93-3910-B008-ACCB3F24F5C1} = {99CAE7DE-2A93-3910-B008-ACCB3F24F5C1}
	EndProjectSection
EndProject
Project("{8BC9CEB8-8B4A-11D0-8D11-00A0C91BC942}") = "INSTALL", "INSTALL.vcxproj", "{7BF61CDE-152E-3010-BDD1-006EEF2C13A4}"
	ProjectSection(ProjectDependencies) = postProject
		{24B01ECF-4C1C-3A7E-A191-67131B01FA43} = {24B01ECF-4C1C-3A7E-A191-67131B01FA43}
		{407DD14F-1095-3EA0-A442-334EC3CC99D7} = {407DD14F-1095-3EA0-A442-334EC3CC99D7}
	EndProjectSection
EndProject
Project("{8BC9CEB8-8B4A-11D0-8D11-00A0C91BC942}") = "PACKAGE", "PACKAGE.vcxproj", "{9C2D3796-65C1-3D9D-A9AF-462D5A5A432D}"
	ProjectSection(ProjectDependencies) = postProject
		{24B01ECF-4C1C-3A7E-A191-67131B01FA43} = {24B01ECF-4C1C-3A7E-A191-67131B01FA43}
		{407DD14F-1095-3EA0-A442-334EC3CC99D7} = {407DD14F-1095-3EA0-A442-334EC3CC99D7}
	EndProjectSection
EndProject
Project("{8BC9CEB8-8B4A-11D0-8D11-00A0C91BC942}") = "ZERO_CHECK", "ZERO_CHECK.vcxproj", "{407DD14F-1095-3EA0-A442-334EC3CC99D7}"
	ProjectSection(ProjectDependencies) = postProject
	EndProjectSection
EndProject
Project("{8BC9CEB8-8B4A-11D0-8D11-00A0C91BC942}") = "mylib", "mylib.vcxproj", "{89CC5C86-E884-3D37-9EB1-D5995F088895}"
	ProjectSection(ProjectDependencies) = postProject
		{407DD14F-1095-3EA0-A442-334EC3CC99D7} = {407DD14F-1095-3EA0-A442-334EC3CC99D7}
	EndProjectSection
EndProject
Project("{8BC9CEB8-8B4A-11D0-8D11-00A0C91BC942}") = "mylibapp", "mylibapp.vcxproj", "{99CAE7DE-2A93-3910-B008-ACCB3F24F5C1}"
	ProjectSection(ProjectDependencies) = postProject
		{407DD14F-1095-3EA0-A442-334EC3CC99D7} = {407DD14F-1095-3EA0-A442-334EC3CC99D7}
		{89CC5C86-E884-3D37-9EB1-D5995F088895} = {89CC5C86-E884-3D37-9EB1-D5995F088895}
	EndProjectSection
EndProject
Global
	GlobalSection(SolutionConfigurationPlatforms) = preSolution
		Debug|Win32 = Debug|Win32
		Release|Win32 = Release|Win32
		MinSizeRel|Win32 = MinSizeRel|Win32
		RelWithDebInfo|Win32 = RelWithDebInfo|Win32
	EndGlobalSection
	GlobalSection(ProjectConfigurationPlatforms) = postSolution
		{24B01ECF-4C1C-3A7E-A191-67131B01FA43}.Debug|Win32.ActiveCfg = Debug|Win32
		{24B01ECF-4C1C-3A7E-A191-67131B01FA43}.Debug|Win32.Build.0 = Debug|Win32
		{24B01ECF-4C1C-3A7E-A191-67131B01FA43}.Release|Win32.ActiveCfg = Release|Win32
		{24B01ECF-4C1C-3A7E-A191-67131B01FA43}.Release|Win32.Build.0 = Release|Win32
		{24B01ECF-4C1C-3A7E-A191-67131B01FA43}.MinSizeRel|Win32.ActiveCfg = MinSizeRel|Win32
		{24B01ECF-4C1C-3A7E-A191-67131B01FA43}.MinSizeRel|Win32.Build.0 = MinSizeRel|Win32
		{24B01ECF-4C1C-3A7E-A191-67131B01FA43}.RelWithDebInfo|Win32.ActiveCfg = RelWithDebInfo|Win32
		{24B01ECF-4C1C-3A7E-A191-67131B01FA43}.RelWithDebInfo|Win32.Build.0 = RelWithDebInfo|Win32
		{7BF61CDE-152E-3010-BDD1-006EEF2C13A4}.Debug|Win32.ActiveCfg = Debug|Win32
		{7BF61CDE-152E-3010-BDD1-006EEF2C13A4}.Release|Win32.ActiveCfg = Release|Win32
		{7BF61CDE-152E-3010-BDD1-006EEF2C13A4}.MinSizeRel|Win32.ActiveCfg = MinSizeRel|Win32
		{7BF61CDE-152E-3010-BDD1-006EEF2C13A4}.RelWithDebInfo|Win32.ActiveCfg = RelWithDebInfo|Win32
		{9C2D3796-65C1-3D9D-A9AF-462D5A5A432D}.Debug|Win32.ActiveCfg = Debug|Win32
		{9C2D3796-65C1-3D9D-A9AF-462D5A5A432D}.Release|Win32.ActiveCfg = Release|Win32
		{9C2D3796-65C1-3D9D-A9AF-462D5A5A432D}.MinSizeRel|Win32.ActiveCfg = MinSizeRel|Win32
		{9C2D3796-65C1-3D9D-A9AF-462D5A5A432D}.RelWithDebInfo|Win32.ActiveCfg = RelWithDebInfo|Win32
		{407DD14F-1095-3EA0-A442-334EC3CC99D7}.Debug|Win32.ActiveCfg = Debug|Win32
		{407DD14F-1095-3EA0-A442-334EC3CC99D7}.Debug|Win32.Build.0 = Debug|Win32
		{407DD14F-1095-3EA0-A442-334EC3CC99D7}.Release|Win32.ActiveCfg = Release|Win32
		{407DD14F-1095-3EA0-A442-334EC3CC99D7}.Release|Win32.Build.0 = Release|Win32
		{407DD14F-1095-3EA0-A442-334EC3CC99D7}.MinSizeRel|Win32.ActiveCfg = MinSizeRel|Win32
		{407DD14F-1095-3EA0-A442-334EC3CC99D7}.MinSizeRel|Win32.Build.0 = MinSizeRel|Win32
		{407DD14F-1095-3EA0-A442-334EC3CC99D7}.RelWithDebInfo|Win32.ActiveCfg = RelWithDebInfo|Win32
		{407DD14F-1095-3EA0-A442-334EC3CC99D7}.RelWithDebInfo|Win32.Build.0 = RelWithDebInfo|Win32
		{89CC5C86-E884-3D37-9EB1-D5995F088895}.Debug|Win32.ActiveCfg = Debug|Win32
		{89CC5C86-E884-3D37-9EB1-D5995F088895}.Debug|Win32.Build.0 = Debug|Win32
		{89CC5C86-E884-3D37-9EB1-D5995F088895}.Release|Win32.ActiveCfg = Release|Win32
		{89CC5C86-E884-3D37-9EB1-D5995F088895}.Release|Win32.Build.0 = Release|Win32
		{89CC5C86-E884-3D37-9EB1-D5995F088895}.MinSizeRel|Win32.ActiveCfg = MinSizeRel|Win32
		{89CC5C86-E884-3D37-9EB1-D5995F088895}.MinSizeRel|Win32.Build.0 = MinSizeRel|Win32
		{89CC5C86-E884-3D37-9EB1-D5995F088895}.RelWithDebInfo|Win32.ActiveCfg = RelWithDebInfo|Win32
		{89CC5C86-E884-3D37-9EB1-D5995F088895}.RelWithDebInfo|Win32.Build.0 = RelWithDebInfo|Win32
		{99CAE7DE-2A93-3910-B008-ACCB3F24F5C1}.Debug|Win32.ActiveCfg = Debug|Win32
		{99CAE7DE-2A93-3910-B008-ACCB3F24F5C1}.Debug|Win32.Build.0 = Debug|Win32
		{99CAE7DE-2A93-3910-B008-ACCB3F24F5C1}.Release|Win32.ActiveCfg = Release|Win32
		{99CAE7DE-2A93-3910-B008-ACCB3F24F5C1}.Release|Win32.Build.0 = Release|Win32
		{99CAE7DE-2A93-3910-B008-ACCB3F24F5C1}.MinSizeRel|Win32.ActiveCfg = MinSizeRel|Win32
		{99CAE7DE-2A93-3910-B008-ACCB3F24F5C1}.MinSizeRel|Win32.Build.0 = MinSizeRel|Win32
		{99CAE7DE-2A93-3910-B008-ACCB3F24F5C1}.RelWithDebInfo|Win32.ActiveCfg = RelWithDebInfo|Win32
		{99CAE7DE-2A93-3910-B008-ACCB3F24F5C1}.RelWithDebInfo|Win32.Build.0 = RelWithDebInfo|Win32
	EndGlobalSection
	GlobalSection(ExtensibilityGlobals) = postSolution
	EndGlobalSection
	GlobalSection(ExtensibilityAddIns) = postSolution
	EndGlobalSection
EndGlobal
